
Microsoft Visual Studio Solution File, Format Version 12.00
# Visual Studio Version 17
VisualStudioVersion = 17.1.32414.318
MinimumVisualStudioVersion = 10.0.40219.1
Project("{FAE04EC0-301F-11D3-BF4B-00C04F79EFBC}") = "net60api", "net60api.csproj", "{20BBCD46-0A64-49C9-A293-605F3D013B02}"
EndProject
Global
	GlobalSection(SolutionConfigurationPlatforms) = preSolution
		Debug|Any CPU = Debug|Any CPU
		Release|Any CPU = Release|Any CPU
	EndGlobalSection
	GlobalSection(ProjectConfigurationPlatforms) = postSolution
		{20BBCD46-0A64-49C9-A293-605F3D013B02}.Debug|Any CPU.ActiveCfg = Debug|Any CPU
		{20BBCD46-0A64-49C9-A293-605F3D013B02}.Debug|Any CPU.Build.0 = Debug|Any CPU
		{20BBCD46-0A64-49C9-A293-605F3D013B02}.Release|Any CPU.ActiveCfg = Release|Any CPU
		{20BBCD46-0A64-49C9-A293-605F3D013B02}.Release|Any CPU.Build.0 = Release|Any CPU
	EndGlobalSection
	GlobalSection(SolutionProperties) = preSolution
		HideSolutionNode = FALSE
	EndGlobalSection
	GlobalSection(ExtensibilityGlobals) = postSolution
		SolutionGuid = {BC95D17C-4387-4489-ABC4-7F58558E1532}
	EndGlobalSection
EndGlobal
